Microsoft Visual Studio Solution File, Format Version 11.00
# Visual Studio 2008

Project("{48D3DD98-D494-5930-1BF3-EA9984E79101}") = "GetRichorDieTrying", "Assembly-CSharp-firstpass-vs.csproj", "{AD6A2E00-3047-3B61-7497-46AD18319C9B}"
EndProject
Project("{48D3DD98-D494-5930-1BF3-EA9984E79101}") = "GetRichorDieTrying", "Assembly-CSharp-vs.csproj", "{7B77C310-A7A3-7D09-29C4-9D7E4AF2DED3}"
EndProject
Project("{48D3DD98-D494-5930-1BF3-EA9984E79101}") = "GetRichorDieTrying", "Assembly-CSharp-Editor-vs.csproj", "{5010A273-EF07-8FCC-B7F2-80E533019C2E}"
EndProject
Global
	GlobalSection(SolutionConfigurationPlatforms) = preSolution
		Debug|Any CPU = Debug|Any CPU
		Release|Any CPU = Release|Any CPU
	EndGlobalSection
	GlobalSection(ProjectConfigurationPlatforms) = postSolution
		{AD6A2E00-3047-3B61-7497-46AD18319C9B}.Debug|Any CPU.ActiveCfg = Debug|Any CPU
		{AD6A2E00-3047-3B61-7497-46AD18319C9B}.Debug|Any CPU.Build.0 = Debug|Any CPU
		{AD6A2E00-3047-3B61-7497-46AD18319C9B}.Release|Any CPU.ActiveCfg = Release|Any CPU
		{AD6A2E00-3047-3B61-7497-46AD18319C9B}.Release|Any CPU.Build.0 = Release|Any CPU
		{7B77C310-A7A3-7D09-29C4-9D7E4AF2DED3}.Debug|Any CPU.ActiveCfg = Debug|Any CPU
		{7B77C310-A7A3-7D09-29C4-9D7E4AF2DED3}.Debug|Any CPU.Build.0 = Debug|Any CPU
		{7B77C310-A7A3-7D09-29C4-9D7E4AF2DED3}.Release|Any CPU.ActiveCfg = Release|Any CPU
		{7B77C310-A7A3-7D09-29C4-9D7E4AF2DED3}.Release|Any CPU.Build.0 = Release|Any CPU
		{5010A273-EF07-8FCC-B7F2-80E533019C2E}.Debug|Any CPU.ActiveCfg = Debug|Any CPU
		{5010A273-EF07-8FCC-B7F2-80E533019C2E}.Debug|Any CPU.Build.0 = Debug|Any CPU
		{5010A273-EF07-8FCC-B7F2-80E533019C2E}.Release|Any CPU.ActiveCfg = Release|Any CPU
		{5010A273-EF07-8FCC-B7F2-80E533019C2E}.Release|Any CPU.Build.0 = Release|Any CPU
	EndGlobalSection
	GlobalSection(SolutionProperties) = preSolution
		HideSolutionNode = FALSE
	EndGlobalSection
																																																																																																																																																				GlobalSection(MonoDevelopProperties) = preSolution
=======
																																																																		GlobalSection(MonoDevelopProperties) = preSolution
>>>>>>> Stashed changes
		StartupItem = Assembly-CSharp.csproj
		Policies = $0
		$0.TextStylePolicy = $3
		$1.inheritsSet = null
		$1.scope = text/x-csharp
		$0.CSharpFormattingPolicy = $2
		$2.inheritsSet = Mono
		$2.inheritsScope = text/x-csharp
		$2.scope = text/x-csharp
		$3.FileWidth = 120
		$3.TabWidth = 4
		$3.EolMarker = Unix
		$3.inheritsSet = Mono
		$3.inheritsScope = text/plain
		$3.scope = text/plain
	EndGlobalSection

EndGlobal
